
Microsoft Visual Studio Solution File, Format Version 12.00
# Visual Studio Version 17
VisualStudioVersion = 17.7.34031.279
MinimumVisualStudioVersion = 10.0.40219.1
Project("{9A19103F-16F7-4668-BE54-9A1E7A4F7556}") = "lab7_lybrary", "lab7_lybrary\lab7_lybrary.csproj", "{9C53E89B-6E03-4871-8F03-64E3480EB822}"
EndProject
Project("{FAE04EC0-301F-11D3-BF4B-00C04F79EFBC}") = "Comment", "Comment\Comment.csproj", "{2C9E8CA7-0E53-4DFF-8CD2-B6ACC25D3D70}"
EndProject
Project("{FAE04EC0-301F-11D3-BF4B-00C04F79EFBC}") = "lab7", "lab7\lab7.csproj", "{F9C75777-5E73-4DC8-904A-C069EEAC758B}"
EndProject
Global
	GlobalSection(SolutionConfigurationPlatforms) = preSolution
		Debug|Any CPU = Debug|Any CPU
		Release|Any CPU = Release|Any CPU
	EndGlobalSection
	GlobalSection(ProjectConfigurationPlatforms) = postSolution
		{9C53E89B-6E03-4871-8F03-64E3480EB822}.Debug|Any CPU.ActiveCfg = Debug|Any CPU
		{9C53E89B-6E03-4871-8F03-64E3480EB822}.Debug|Any CPU.Build.0 = Debug|Any CPU
		{9C53E89B-6E03-4871-8F03-64E3480EB822}.Release|Any CPU.ActiveCfg = Release|Any CPU
		{9C53E89B-6E03-4871-8F03-64E3480EB822}.Release|Any CPU.Build.0 = Release|Any CPU
		{2C9E8CA7-0E53-4DFF-8CD2-B6ACC25D3D70}.Debug|Any CPU.ActiveCfg = Debug|Any CPU
		{2C9E8CA7-0E53-4DFF-8CD2-B6ACC25D3D70}.Debug|Any CPU.Build.0 = Debug|Any CPU
		{2C9E8CA7-0E53-4DFF-8CD2-B6ACC25D3D70}.Release|Any CPU.ActiveCfg = Release|Any CPU
		{2C9E8CA7-0E53-4DFF-8CD2-B6ACC25D3D70}.Release|Any CPU.Build.0 = Release|Any CPU
		{F9C75777-5E73-4DC8-904A-C069EEAC758B}.Debug|Any CPU.ActiveCfg = Debug|Any CPU
		{F9C75777-5E73-4DC8-904A-C069EEAC758B}.Debug|Any CPU.Build.0 = Debug|Any CPU
		{F9C75777-5E73-4DC8-904A-C069EEAC758B}.Release|Any CPU.ActiveCfg = Release|Any CPU
		{F9C75777-5E73-4DC8-904A-C069EEAC758B}.Release|Any CPU.Build.0 = Release|Any CPU
	EndGlobalSection
	GlobalSection(SolutionProperties) = preSolution
		HideSolutionNode = FALSE
	EndGlobalSection
	GlobalSection(ExtensibilityGlobals) = postSolution
		SolutionGuid = {CED4DB30-D444-4F01-9BB2-20D07E8D016F}
	EndGlobalSection
EndGlobal
